// !$*UTF8*$!
{
	archiveVersion = 1;
	classes = {
	};
	objectVersion = 48;
	objects = {

/* Begin PBXBuildFile section */
		2324CBCE1F7DE4FC00A03F02 /* AppDelegate.swift in Sources */ = {isa = PBXBuildFile; fileRef = 2324CBCD1F7DE4FC00A03F02 /* AppDelegate.swift */; };
		2324CBD01F7DE4FC00A03F02 /* ViewController.swift in Sources */ = {isa = PBXBuildFile; fileRef = 2324CBCF1F7DE4FC00A03F02 /* ViewController.swift */; };
		2324CBD31F7DE4FC00A03F02 /* Main.storyboard in Resources */ = {isa = PBXBuildFile; fileRef = 2324CBD11F7DE4FC00A03F02 /* Main.storyboard */; };
		2324CBD51F7DE4FC00A03F02 /* Assets.xcassets in Resources */ = {isa = PBXBuildFile; fileRef = 2324CBD41F7DE4FC00A03F02 /* Assets.xcassets */; };
		2324CBD81F7DE4FC00A03F02 /* LaunchScreen.storyboard in Resources */ = {isa = PBXBuildFile; fileRef = 2324CBD61F7DE4FC00A03F02 /* LaunchScreen.storyboard */; };
/* End PBXBuildFile section */

/* Begin PBXFileReference section */
		2324CBCA1F7DE4FC00A03F02 /* CoreNFCDemo01.app */ = {isa = PBXFileReference; explicitFileType = wrapper.application; includeInIndex = 0; path = CoreNFCDemo01.app; sourceTree = BUILT_PRODUCTS_DIR; };
		2324CBCD1F7DE4FC00A03F02 /* AppDelegate.swift */ = {isa = PBXFileReference; lastKnownFileType = sourcecode.swift; path = AppDelegate.swift; sourceTree = "<group>"; };
		2324CBCF1F7DE4FC00A03F02 /* ViewController.swift */ = {isa = PBXFileReference; lastKnownFileType = sourcecode.swift; path = ViewController.swift; sourceTree = "<group>"; };
		2324CBD21F7DE4FC00A03F02 /* Base */ = {isa = PBXFileReference; lastKnownFileType = file.storyboard; name = Base; path = Base.lproj/Main.storyboard; sourceTree = "<group>"; };
		2324CBD41F7DE4FC00A03F02 /* Assets.xcassets */ = {isa = PBXFileReference; lastKnownFileType = folder.assetcatalog; path = Assets.xcassets; sourceTree = "<group>"; };
		2324CBD71F7DE4FC00A03F02 /* Base */ = {isa = PBXFileReference; lastKnownFileType = file.storyboard; name = Base; path = Base.lproj/LaunchScreen.storyboard; sourceTree = "<group>"; };
		2324CBD91F7DE4FC00A03F02 /* Info.plist */ = {isa = PBXFileReference; lastKnownFileType = text.plist.xml; path = Info.plist; sourceTree = "<group>"; };
		2324CBDF1F7DE53300A03F02 /* CoreNFCDemo01.entitlements */ = {isa = PBXFileReference; lastKnownFileType = text.plist.entitlements; path = CoreNFCDemo01.entitlements; sourceTree = "<group>"; };
/* End PBXFileReference section */

/* Begin PBXFrameworksBuildPhase section */
		2324CBC71F7DE4FC00A03F02 /* Frameworks */ = {
			isa = PBXFrameworksBuildPhase;
			buildActionMask = 2147483647;
			files = (
			);
			runOnlyForDeploymentPostprocessing = 0;
		};
/* End PBXFrameworksBuildPhase section */

/* Begin PBXGroup section */
		2324CBC11F7DE4FB00A03F02 = {
			isa = PBXGroup;
			children = (
				2324CBCC1F7DE4FC00A03F02 /* CoreNFCDemo01 */,
				2324CBCB1F7DE4FC00A03F02 /* Products */,
			);
			sourceTree = "<group>";
		};
		2324CBCB1F7DE4FC00A03F02 /* Products */ = {
			isa = PBXGroup;
			children = (
				2324CBCA1F7DE4FC00A03F02 /* CoreNFCDemo01.app */,
			);
			name = Products;
			sourceTree = "<group>";
		};
		2324CBCC1F7DE4FC00A03F02 /* CoreNFCDemo01 */ = {
			isa = PBXGroup;
			children = (
				2324CBDF1F7DE53300A03F02 /* CoreNFCDemo01.entitlements */,
				2324CBCD1F7DE4FC00A03F02 /* AppDelegate.swift */,
				2324CBCF1F7DE4FC00A03F02 /* ViewController.swift */,
				2324CBD11F7DE4FC00A03F02 /* Main.storyboard */,
				2324CBD41F7DE4FC00A03F02 /* Assets.xcassets */,
				2324CBD61F7DE4FC00A03F02 /* LaunchScreen.storyboard */,
				2324CBD91F7DE4FC00A03F02 /* Info.plist */,
			);
			path = CoreNFCDemo01;
			sourceTree = "<group>";
		};
/* End PBXGroup section */

/* Begin PBXNativeTarget section */
		2324CBC91F7DE4FC00A03F02 /* CoreNFCDemo01 */ = {
			isa = PBXNativeTarget;
			buildConfigurationList = 2324CBDC1F7DE4FC00A03F02 /* Build configuration list for PBXNativeTarget "CoreNFCDemo01" */;
			buildPhases = (
				2324CBC61F7DE4FC00A03F02 /* Sources */,
				2324CBC71F7DE4FC00A03F02 /* Frameworks */,
				2324CBC81F7DE4FC00A03F02 /* Resources */,
			);
			buildRules = (
			);
			dependencies = (
			);
			name = CoreNFCDemo01;
			productName = CoreNFCDemo01;
			productReference = 2324CBCA1F7DE4FC00A03F02 /* CoreNFCDemo01.app */;
			productType = "com.apple.product-type.application";
		};
/* End PBXNativeTarget section */

/* Begin PBXProject section */
		2324CBC21F7DE4FB00A03F02 /* Project object */ = {
			isa = PBXProject;
			attributes = {
				LastSwiftUpdateCheck = 0900;
				LastUpgradeCheck = 0900;
				ORGANIZATIONNAME = "张延深";
				TargetAttributes = {
					2324CBC91F7DE4FC00A03F02 = {
						CreatedOnToolsVersion = 9.0;
						ProvisioningStyle = Automatic;
						SystemCapabilities = {
							com.apple.NearFieldCommunicationTagReading = {
								enabled = 1;
							};
						};
					};
				};
			};
			buildConfigurationList = 2324CBC51F7DE4FB00A03F02 /* Build configuration list for PBXProject "CoreNFCDemo01" */;
			compatibilityVersion = "Xcode 8.0";
			developmentRegion = en;
			hasScannedForEncodings = 0;
			knownRegions = (
				en,
				Base,
			);
			mainGroup = 2324CBC11F7DE4FB00A03F02;
			productRefGroup = 2324CBCB1F7DE4FC00A03F02 /* Products */;
			projectDirPath = "";
			projectRoot = "";
			targets = (
				2324CBC91F7DE4FC00A03F02 /* CoreNFCDemo01 */,
			);
		};
/* End PBXProject section */

/* Begin PBXResourcesBuildPhase section */
		2324CBC81F7DE4FC00A03F02 /* Resources */ = {
			isa = PBXResourcesBuildPhase;
			buildActionMask = 2147483647;
			files = (
				2324CBD81F7DE4FC00A03F02 /* LaunchScreen.storyboard in Resources */,
				2324CBD51F7DE4FC00A03F02 /* Assets.xcassets in Resources */,
				2324CBD31F7DE4FC00A03F02 /* Main.storyboard in Resources */,
			);
			runOnlyForDeploymentPostprocessing = 0;
		};
/* End PBXResourcesBuildPhase section */

/* Begin PBXSourcesBuildPhase section */
		2324CBC61F7DE4FC00A03F02 /* Sources */ = {
			isa = PBXSourcesBuildPhase;
			buildActionMask = 2147483647;
			files = (
				2324CBD01F7DE4FC00A03F02 /* ViewController.swift in Sources */,
				2324CBCE1F7DE4FC00A03F02 /* AppDelegate.swift in Sources */,
			);
			runOnlyForDeploymentPostprocessing = 0;
		};
/* End PBXSourcesBuildPhase section */

/* Begin PBXVariantGroup section */
		2324CBD11F7DE4FC00A03F02 /* Main.storyboard */ = {
			isa = PBXVariantGroup;
			children = (
				2324CBD21F7DE4FC00A03F02 /* Base */,
			);
			name = Main.storyboard;
			sourceTree = "<group>";
		};
		2324CBD61F7DE4FC00A03F02 /* LaunchScreen.storyboard */ = {
			isa = PBXVariantGroup;
			children = (
				2324CBD71F7DE4FC00A03F02 /* Base */,
			);
			name = LaunchScreen.storyboard;
			sourceTree = "<group>";
		};
/* End PBXVariantGroup section */

/* Begin XCBuildConfiguration section */
		2324CBDA1F7DE4FC00A03F02 /* Debug */ = {
			isa = XCBuildConfiguration;
			buildSettings = {
				ALWAYS_SEARCH_USER_PATHS = NO;
				CLANG_ANALYZER_NONNULL = YES;
				CLANG_ANALYZER_NUMBER_OBJECT_CONVERSION = YES_AGGRESSIVE;
				CLANG_CXX_LANGUAGE_STANDARD = "gnu++14";
				CLANG_CXX_LIBRARY = "libc++";
				CLANG_ENABLE_MODULES = YES;
				CLANG_ENABLE_OBJC_ARC = YES;
				CLANG_WARN_BLOCK_CAPTURE_AUTORELEASING = YES;
				CLANG_WARN_BOOL_CONVERSION = YES;
				CLANG_WARN_COMMA = YES;
				CLANG_WARN_CONSTANT_CONVERSION = YES;
				CLANG_WARN_DIRECT_OBJC_ISA_USAGE = YES_ERROR;
				CLANG_WARN_DOCUMENTATION_COMMENTS = YES;
				CLANG_WARN_EMPTY_BODY = YES;
				CLANG_WARN_ENUM_CONVERSION = YES;
				CLANG_WARN_INFINITE_RECURSION = YES;
				CLANG_WARN_INT_CONVERSION = YES;
				CLANG_WARN_NON_LITERAL_NULL_CONVERSION = YES;
				CLANG_WARN_OBJC_LITERAL_CONVERSION = YES;
				CLANG_WARN_OBJC_ROOT_CLASS = YES_ERROR;
				CLANG_WARN_RANGE_LOOP_ANALYSIS = YES;
				CLANG_WARN_STRICT_PROTOTYPES = YES;
				CLANG_WARN_SUSPICIOUS_MOVE = YES;
				CLANG_WARN_UNGUARDED_AVAILABILITY = YES_AGGRESSIVE;
				CLANG_WARN_UNREACHABLE_CODE = YES;
				CLANG_WARN__DUPLICATE_METHOD_MATCH = YES;
				CODE_SIGN_IDENTITY = "iPhone Developer";
				COPY_PHASE_STRIP = NO;
				DEBUG_INFORMATION_FORMAT = dwarf;
				ENABLE_STRICT_OBJC_MSGSEND = YES;
				ENABLE_TESTABILITY = YES;
				GCC_C_LANGUAGE_STANDARD = gnu11;
				GCC_DYNAMIC_NO_PIC = NO;
				GCC_NO_COMMON_BLOCKS = YES;
				GCC_OPTIMIZATION_LEVEL = 0;
				GCC_PREPROCESSOR_DEFINITIONS = (
					"DEBUG=1",
					"$(inherited)",
				);
				GCC_WARN_64_TO_32_BIT_CONVERSION = YES;
				GCC_WARN_ABOUT_RETURN_TYPE = YES_ERROR;
				GCC_WARN_UNDECLARED_SELECTOR = YES;
				GCC_WARN_UNINITIALIZED_AUTOS = YES_AGGRESSIVE;
				GCC_WARN_UNUSED_FUNCTION = YES;
				GCC_WARN_UNUSED_VARIABLE = YES;
				IPHONEOS_DEPLOYMENT_TARGET = 11.0;
				MTL_ENABLE_DEBUG_INFO = YES;
				ONLY_ACTIVE_ARCH = YES;
				SDKROOT = iphoneos;
				SWIFT_ACTIVE_COMPILATION_CONDITIONS = DEBUG;
				SWIFT_OPTIMIZATION_LEVEL = "-Onone";
			};
			name = Debug;
		};
		2324CBDB1F7DE4FC00A03F02 /* Release */ = {
			isa = XCBuildConfiguration;
			buildSettings = {
				ALWAYS_SEARCH_USER_PATHS = NO;
				CLANG_ANALYZER_NONNULL = YES;
				CLANG_ANALYZER_NUMBER_OBJECT_CONVERSION = YES_AGGRESSIVE;
				CLANG_CXX_LANGUAGE_STANDARD = "gnu++14";
				CLANG_CXX_LIBRARY = "libc++";
				CLANG_ENABLE_MODULES = YES;
				CLANG_ENABLE_OBJC_ARC = YES;
				CLANG_WARN_BLOCK_CAPTURE_AUTORELEASING = YES;
				CLANG_WARN_BOOL_CONVERSION = YES;
				CLANG_WARN_COMMA = YES;
				CLANG_WARN_CONSTANT_CONVERSION = YES;
				CLANG_WARN_DIRECT_OBJC_ISA_USAGE = YES_ERROR;
				CLANG_WARN_DOCUMENTATION_COMMENTS = YES;
				CLANG_WARN_EMPTY_BODY = YES;
				CLANG_WARN_ENUM_CONVERSION = YES;
				CLANG_WARN_INFINITE_RECURSION = YES;
				CLANG_WARN_INT_CONVERSION = YES;
				CLANG_WARN_NON_LITERAL_NULL_CONVERSION = YES;
				CLANG_WARN_OBJC_LITERAL_CONVERSION = YES;
				CLANG_WARN_OBJC_ROOT_CLASS = YES_ERROR;
				CLANG_WARN_RANGE_LOOP_ANALYSIS = YES;
				CLANG_WARN_STRICT_PROTOTYPES = YES;
				CLANG_WARN_SUSPICIOUS_MOVE = YES;
				CLANG_WARN_UNGUARDED_AVAILABILITY = YES_AGGRESSIVE;
				CLANG_WARN_UNREACHABLE_CODE = YES;
				CLANG_WARN__DUPLICATE_METHOD_MATCH = YES;
				CODE_SIGN_IDENTITY = "iPhone Developer";
				COPY_PHASE_STRIP = NO;
				DEBUG_INFORMATION_FORMAT = "dwarf-with-dsym";
				ENABLE_NS_ASSERTIONS = NO;
				ENABLE_STRICT_OBJC_MSGSEND = YES;
				GCC_C_LANGUAGE_STANDARD = gnu11;
				GCC_NO_COMMON_BLOCKS = YES;
				GCC_WARN_64_TO_32_BIT_CONVERSION = YES;
				GCC_WARN_ABOUT_RETURN_TYPE = YES_ERROR;
				GCC_WARN_UNDECLARED_SELECTOR = YES;
				GCC_WARN_UNINITIALIZED_AUTOS = YES_AGGRESSIVE;
				GCC_WARN_UNUSED_FUNCTION = YES;
				GCC_WARN_UNUSED_VARIABLE = YES;
				IPHONEOS_DEPLOYMENT_TARGET = 11.0;
				MTL_ENABLE_DEBUG_INFO = NO;
				SDKROOT = iphoneos;
				SWIFT_OPTIMIZATION_LEVEL = "-Owholemodule";
				VALIDATE_PRODUCT = YES;
			};
			name = Release;
		};
		2324CBDD1F7DE4FC00A03F02 /* Debug */ = {
			isa = XCBuildConfiguration;
			buildSettings = {
				ASSETCATALOG_COMPILER_APPICON_NAME = AppIcon;
				CODE_SIGN_ENTITLEMENTS = CoreNFCDemo01/CoreNFCDemo01.entitlements;
				CODE_SIGN_STYLE = Automatic;
				DEVELOPMENT_TEAM = J46HYNA3T9;
				INFOPLIST_FILE = CoreNFCDemo01/Info.plist;
				LD_RUNPATH_SEARCH_PATHS = "$(inherited) @executable_path/Frameworks";
				PRODUCT_BUNDLE_IDENTIFIER = cn.newbanker.CoreNFCDemo01;
				PRODUCT_NAME = "$(TARGET_NAME)";
				SWIFT_VERSION = 4.0;
				TARGETED_DEVICE_FAMILY = "1,2";
			};
			name = Debug;
		};
		2324CBDE1F7DE4FC00A03F02 /* Release */ = {
			isa = XCBuildConfiguration;
			buildSettings = {
				ASSETCATALOG_COMPILER_APPICON_NAME = AppIcon;
				CODE_SIGN_ENTITLEMENTS = CoreNFCDemo01/CoreNFCDemo01.entitlements;
				CODE_SIGN_STYLE = Automatic;
				DEVELOPMENT_TEAM = J46HYNA3T9;
				INFOPLIST_FILE = CoreNFCDemo01/Info.plist;
				LD_RUNPATH_SEARCH_PATHS = "$(inherited) @executable_path/Frameworks";
				PRODUCT_BUNDLE_IDENTIFIER = cn.newbanker.CoreNFCDemo01;
				PRODUCT_NAME = "$(TARGET_NAME)";
				SWIFT_VERSION = 4.0;
				TARGETED_DEVICE_FAMILY = "1,2";
			};
			name = Release;
		};
/* End XCBuildConfiguration section */

/* Begin XCConfigurationList section */
		2324CBC51F7DE4FB00A03F02 /* Build configuration list for PBXProject "CoreNFCDemo01" */ = {
			isa = XCConfigurationList;
			buildConfigurations = (
				2324CBDA1F7DE4FC00A03F02 /* Debug */,
				2324CBDB1F7DE4FC00A03F02 /* Release */,
			);
			defaultConfigurationIsVisible = 0;
			defaultConfigurationName = Release;
		};
		2324CBDC1F7DE4FC00A03F02 /* Build configuration list for PBXNativeTarget "CoreNFCDemo01" */ = {
			isa = XCConfigurationList;
			buildConfigurations = (
				2324CBDD1F7DE4FC00A03F02 /* Debug */,
				2324CBDE1F7DE4FC00A03F02 /* Release */,
			);
			defaultConfigurationIsVisible = 0;
			defaultConfigurationName = Release;
		};
/* End XCConfigurationList section */
	};
	rootObject = 2324CBC21F7DE4FB00A03F02 /* Project object */;
}
